
Microsoft Visual Studio Solution File, Format Version 12.00
# Visual Studio Version 17
VisualStudioVersion = 17.9.34723.18
MinimumVisualStudioVersion = 10.0.40219.1
Project("{FAE04EC0-301F-11D3-BF4B-00C04F79EFBC}") = "LAPM_API", "LAPM_API\LAPM_API.csproj", "{FE8F962E-950D-4F60-BE69-EE0CB300C453}"
EndProject
Global
	GlobalSection(SolutionConfigurationPlatforms) = preSolution
		Debug|Any CPU = Debug|Any CPU
		Release|Any CPU = Release|Any CPU
	EndGlobalSection
	GlobalSection(ProjectConfigurationPlatforms) = postSolution
		{FE8F962E-950D-4F60-BE69-EE0CB300C453}.Debug|Any CPU.ActiveCfg = Debug|Any CPU
		{FE8F962E-950D-4F60-BE69-EE0CB300C453}.Debug|Any CPU.Build.0 = Debug|Any CPU
		{FE8F962E-950D-4F60-BE69-EE0CB300C453}.Release|Any CPU.ActiveCfg = Release|Any CPU
		{FE8F962E-950D-4F60-BE69-EE0CB300C453}.Release|Any CPU.Build.0 = Release|Any CPU
	EndGlobalSection
	GlobalSection(SolutionProperties) = preSolution
		HideSolutionNode = FALSE
	EndGlobalSection
	GlobalSection(ExtensibilityGlobals) = postSolution
		SolutionGuid = {E0A90207-B7F6-4B6F-B048-8ACF9D43D6DA}
	EndGlobalSection
EndGlobal
